
Microsoft Visual Studio Solution File, Format Version 12.00
# Visual Studio Version 17
VisualStudioVersion = 17.5.33516.290
MinimumVisualStudioVersion = 10.0.40219.1
Project("{FAE04EC0-301F-11D3-BF4B-00C04F79EFBC}") = "ExpensePlus", "ExpensePlus.csproj", "{EC6A50F0-0345-4A16-A6DA-327CFABC137D}"
EndProject
Global
	GlobalSection(SolutionConfigurationPlatforms) = preSolution
		Debug|Any CPU = Debug|Any CPU
		Release|Any CPU = Release|Any CPU
	EndGlobalSection
	GlobalSection(ProjectConfigurationPlatforms) = postSolution
		{EC6A50F0-0345-4A16-A6DA-327CFABC137D}.Debug|Any CPU.ActiveCfg = Debug|Any CPU
		{EC6A50F0-0345-4A16-A6DA-327CFABC137D}.Debug|Any CPU.Build.0 = Debug|Any CPU
		{EC6A50F0-0345-4A16-A6DA-327CFABC137D}.Release|Any CPU.ActiveCfg = Release|Any CPU
		{EC6A50F0-0345-4A16-A6DA-327CFABC137D}.Release|Any CPU.Build.0 = Release|Any CPU
	EndGlobalSection
	GlobalSection(SolutionProperties) = preSolution
		HideSolutionNode = FALSE
	EndGlobalSection
	GlobalSection(ExtensibilityGlobals) = postSolution
		SolutionGuid = {CC365472-2C3E-43CD-9F37-66CA05EE2C79}
	EndGlobalSection
EndGlobal
